
Microsoft Visual Studio Solution File, Format Version 12.00
# Visual Studio Version 17
VisualStudioVersion = 17.11.35222.181
MinimumVisualStudioVersion = 10.0.40219.1
Project("{FAE04EC0-301F-11D3-BF4B-00C04F79EFBC}") = "berek", "berek\berek.csproj", "{83D67F37-E998-482E-A28C-316E086DB98E}"
EndProject
Global
	GlobalSection(SolutionConfigurationPlatforms) = preSolution
		Debug|Any CPU = Debug|Any CPU
		Release|Any CPU = Release|Any CPU
	EndGlobalSection
	GlobalSection(ProjectConfigurationPlatforms) = postSolution
		{83D67F37-E998-482E-A28C-316E086DB98E}.Debug|Any CPU.ActiveCfg = Debug|Any CPU
		{83D67F37-E998-482E-A28C-316E086DB98E}.Debug|Any CPU.Build.0 = Debug|Any CPU
		{83D67F37-E998-482E-A28C-316E086DB98E}.Release|Any CPU.ActiveCfg = Release|Any CPU
		{83D67F37-E998-482E-A28C-316E086DB98E}.Release|Any CPU.Build.0 = Release|Any CPU
	EndGlobalSection
	GlobalSection(SolutionProperties) = preSolution
		HideSolutionNode = FALSE
	EndGlobalSection
	GlobalSection(ExtensibilityGlobals) = postSolution
		SolutionGuid = {BA95F891-FE4A-4E89-BE32-F41EB7970411}
	EndGlobalSection
EndGlobal
